
Microsoft Visual Studio Solution File, Format Version 12.00
# Visual Studio Version 17
VisualStudioVersion = 17.5.002.0
MinimumVisualStudioVersion = 10.0.40219.1
Project("{9A19103F-16F7-4668-BE54-9A1E7A4F7556}") = "EmployeeManagementSystem", "EmployeeManagementSystem.csproj", "{9B1FFB93-597F-4C81-8990-922B790BBCBB}"
EndProject
Global
	GlobalSection(SolutionConfigurationPlatforms) = preSolution
		Debug|Any CPU = Debug|Any CPU
		Release|Any CPU = Release|Any CPU
	EndGlobalSection
	GlobalSection(ProjectConfigurationPlatforms) = postSolution
		{9B1FFB93-597F-4C81-8990-922B790BBCBB}.Debug|Any CPU.ActiveCfg = Debug|Any CPU
		{9B1FFB93-597F-4C81-8990-922B790BBCBB}.Debug|Any CPU.Build.0 = Debug|Any CPU
		{9B1FFB93-597F-4C81-8990-922B790BBCBB}.Release|Any CPU.ActiveCfg = Release|Any CPU
		{9B1FFB93-597F-4C81-8990-922B790BBCBB}.Release|Any CPU.Build.0 = Release|Any CPU
	EndGlobalSection
	GlobalSection(SolutionProperties) = preSolution
		HideSolutionNode = FALSE
	EndGlobalSection
	GlobalSection(ExtensibilityGlobals) = postSolution
		SolutionGuid = {55362D74-6D39-40A8-AA03-F1A2F9A9D655}
	EndGlobalSection
EndGlobal
